
Microsoft Visual Studio Solution File, Format Version 12.00
# Visual Studio Version 16
VisualStudioVersion = 16.0.29411.108
MinimumVisualStudioVersion = 10.0.40219.1
Project("{FAE04EC0-301F-11D3-BF4B-00C04F79EFBC}") = "EFCore_Módulo9.Tests", "EFCore_Módulo9.Tests\EFCore_Módulo9.Tests.csproj", "{7AF21ACE-8FDA-4824-9357-C1F952BAA4A3}"
EndProject
Project("{FAE04EC0-301F-11D3-BF4B-00C04F79EFBC}") = "EFCore_Módulo9", "EFCore_Módulo9\EFCore_Módulo9.csproj", "{25D1A340-C8A8-44AB-BEB5-908A973A8A96}"
EndProject
Global
	GlobalSection(SolutionConfigurationPlatforms) = preSolution
		Debug|Any CPU = Debug|Any CPU
		Release|Any CPU = Release|Any CPU
	EndGlobalSection
	GlobalSection(ProjectConfigurationPlatforms) = postSolution
		{7AF21ACE-8FDA-4824-9357-C1F952BAA4A3}.Debug|Any CPU.ActiveCfg = Debug|Any CPU
		{7AF21ACE-8FDA-4824-9357-C1F952BAA4A3}.Debug|Any CPU.Build.0 = Debug|Any CPU
		{7AF21ACE-8FDA-4824-9357-C1F952BAA4A3}.Release|Any CPU.ActiveCfg = Release|Any CPU
		{7AF21ACE-8FDA-4824-9357-C1F952BAA4A3}.Release|Any CPU.Build.0 = Release|Any CPU
		{25D1A340-C8A8-44AB-BEB5-908A973A8A96}.Debug|Any CPU.ActiveCfg = Debug|Any CPU
		{25D1A340-C8A8-44AB-BEB5-908A973A8A96}.Debug|Any CPU.Build.0 = Debug|Any CPU
		{25D1A340-C8A8-44AB-BEB5-908A973A8A96}.Release|Any CPU.ActiveCfg = Release|Any CPU
		{25D1A340-C8A8-44AB-BEB5-908A973A8A96}.Release|Any CPU.Build.0 = Release|Any CPU
	EndGlobalSection
	GlobalSection(SolutionProperties) = preSolution
		HideSolutionNode = FALSE
	EndGlobalSection
	GlobalSection(ExtensibilityGlobals) = postSolution
		SolutionGuid = {D68A6A6A-3AB4-4F9D-B1EB-E789739B91BA}
	EndGlobalSection
EndGlobal
